
Microsoft Visual Studio Solution File, Format Version 12.00
# Visual Studio Version 16
VisualStudioVersion = 16.0.30225.117
MinimumVisualStudioVersion = 10.0.40219.1
Project("{FAE04EC0-301F-11D3-BF4B-00C04F79EFBC}") = "CandyShopView", "CandyShopView\CandyShopView.csproj", "{D0BDD329-9F63-47E9-82C5-E19B63C87F57}"
EndProject
Project("{9A19103F-16F7-4668-BE54-9A1E7A4F7556}") = "CandyShopBusinessLogic", "CandyShopBusinessLogic\CandyShopBusinessLogic.csproj", "{02CADA80-7109-4AAA-8058-96C939EA9D26}"
EndProject
Project("{FAE04EC0-301F-11D3-BF4B-00C04F79EFBC}") = "CandyShopListImplement", "CandyShopListImplement\CandyShopListImplement.csproj", "{3CA6A440-FFD0-4384-8B58-229F69AE3498}"
EndProject
Project("{FAE04EC0-301F-11D3-BF4B-00C04F79EFBC}") = "CandyShopFileImplement", "CandyShopFileImplement\CandyShopFileImplement.csproj", "{64EB0939-8DC4-472B-8F5F-DE865F243AC9}"
EndProject
Project("{FAE04EC0-301F-11D3-BF4B-00C04F79EFBC}") = "CandyShopDatabaseImplement", "CandyShopDatabaseImplement\CandyShopDatabaseImplement.csproj", "{ED869220-78F8-4382-B832-DF4DC70D043C}"
EndProject
Global
	GlobalSection(SolutionConfigurationPlatforms) = preSolution
		Debug|Any CPU = Debug|Any CPU
		Release|Any CPU = Release|Any CPU
	EndGlobalSection
	GlobalSection(ProjectConfigurationPlatforms) = postSolution
		{D0BDD329-9F63-47E9-82C5-E19B63C87F57}.Debug|Any CPU.ActiveCfg = Debug|Any CPU
		{D0BDD329-9F63-47E9-82C5-E19B63C87F57}.Debug|Any CPU.Build.0 = Debug|Any CPU
		{D0BDD329-9F63-47E9-82C5-E19B63C87F57}.Release|Any CPU.ActiveCfg = Release|Any CPU
		{D0BDD329-9F63-47E9-82C5-E19B63C87F57}.Release|Any CPU.Build.0 = Release|Any CPU
		{02CADA80-7109-4AAA-8058-96C939EA9D26}.Debug|Any CPU.ActiveCfg = Debug|Any CPU
		{02CADA80-7109-4AAA-8058-96C939EA9D26}.Debug|Any CPU.Build.0 = Debug|Any CPU
		{02CADA80-7109-4AAA-8058-96C939EA9D26}.Release|Any CPU.ActiveCfg = Release|Any CPU
		{02CADA80-7109-4AAA-8058-96C939EA9D26}.Release|Any CPU.Build.0 = Release|Any CPU
		{3CA6A440-FFD0-4384-8B58-229F69AE3498}.Debug|Any CPU.ActiveCfg = Debug|Any CPU
		{3CA6A440-FFD0-4384-8B58-229F69AE3498}.Debug|Any CPU.Build.0 = Debug|Any CPU
		{3CA6A440-FFD0-4384-8B58-229F69AE3498}.Release|Any CPU.ActiveCfg = Release|Any CPU
		{3CA6A440-FFD0-4384-8B58-229F69AE3498}.Release|Any CPU.Build.0 = Release|Any CPU
		{64EB0939-8DC4-472B-8F5F-DE865F243AC9}.Debug|Any CPU.ActiveCfg = Debug|Any CPU
		{64EB0939-8DC4-472B-8F5F-DE865F243AC9}.Debug|Any CPU.Build.0 = Debug|Any CPU
		{64EB0939-8DC4-472B-8F5F-DE865F243AC9}.Release|Any CPU.ActiveCfg = Release|Any CPU
		{64EB0939-8DC4-472B-8F5F-DE865F243AC9}.Release|Any CPU.Build.0 = Release|Any CPU
		{ED869220-78F8-4382-B832-DF4DC70D043C}.Debug|Any CPU.ActiveCfg = Debug|Any CPU
		{ED869220-78F8-4382-B832-DF4DC70D043C}.Debug|Any CPU.Build.0 = Debug|Any CPU
		{ED869220-78F8-4382-B832-DF4DC70D043C}.Release|Any CPU.ActiveCfg = Release|Any CPU
		{ED869220-78F8-4382-B832-DF4DC70D043C}.Release|Any CPU.Build.0 = Release|Any CPU
	EndGlobalSection
	GlobalSection(SolutionProperties) = preSolution
		HideSolutionNode = FALSE
	EndGlobalSection
	GlobalSection(ExtensibilityGlobals) = postSolution
		SolutionGuid = {A3528FF5-AB74-4135-B071-37133A355F3C}
	EndGlobalSection
EndGlobal
